<?xml version="1.0" encoding="utf-8"?>
<Project ToolsVersion="4.0" xmlns="http://schemas.microsoft.com/developer/msbuild/2003">
  <ItemGroup>
    <Filter Include="Source Code">
      <UniqueIdentifier>{f9a9780f-cc91-4f43-81f2-a71f14f8528a}</UniqueIdentifier>
    </Filter>
    <Filter Include="Source Code\Debugging Tools">
      <UniqueIdentifier>{3f563369-5383-4b21-b92b-a52204192d36}</UniqueIdentifier>
    </Filter>
    <Filter Include="Source Code\Utils">
      <UniqueIdentifier>{39d30c22-2602-4a12-84e8-32ecd310eeb7}</UniqueIdentifier>
    </Filter>
    <Filter Include="Source Code\Shaders">
      <UniqueIdentifier>{410f82bd-d92b-48f6-8515-3eb1c1af5b9d}</UniqueIdentifier>
    </Filter>
    <Filter Include="External">
      <UniqueIdentifier>{36cae6b1-cae3-42f1-8f30-34ebb8342012}</UniqueIdentifier>
    </Filter>
    <Filter Include="External\ImGui">
      <UniqueIdentifier>{8b6860e2-41a5-4e53-a253-6fa785cb8bfe}</UniqueIdentifier>
    </Filter>
    <Filter Include="External\Stb">
      <UniqueIdentifier>{0ac2ff0f-5f18-480a-8bd6-6aa7428166bb}</UniqueIdentifier>
    </Filter>
    <Filter Include="External\Glad">
      <UniqueIdentifier>{db9fd684-3058-4040-9399-cae66729442b}</UniqueIdentifier>
    </Filter>
    <Filter Include="Source Code\Editor">
      <UniqueIdentifier>{75aae78f-ce50-4409-a5a8-15dc989cedf0}</UniqueIdentifier>
    </Filter>
    <Filter Include="Source Code\Core">
      <UniqueIdentifier>{9d698ccc-5061-4bbe-b228-2560c51ba0c0}</UniqueIdentifier>
    </Filter>
    <Filter Include="Source Code\Features">
      <UniqueIdentifier>{3610abb8-bb8d-48c4-a838-67b1b09cbeed}</UniqueIdentifier>
    </Filter>
    <Filter Include="Source Code\Graphics">
      <UniqueIdentifier>{e57e5485-ee4f-4a09-a921-fe8db900210d}</UniqueIdentifier>
    </Filter>
    <Filter Include="Source Code\!SSAO">
      <UniqueIdentifier>{88aed557-eabf-4787-a086-0e18eae20758}</UniqueIdentifier>
    </Filter>
    <Filter Include="Source Code\!PBR">
      <UniqueIdentifier>{94e17458-3997-4735-bc13-b38176ff934d}</UniqueIdentifier>
    </Filter>
    <Filter Include="Source Code\!PBR\Cubemap">
      <UniqueIdentifier>{1406ea75-8a89-4712-b546-a7fc598049ed}</UniqueIdentifier>
    </Filter>
    <Filter Include="Source Code\Shaders\PBR">
      <UniqueIdentifier>{2588d97b-d600-48a3-8d6e-4a8a53fc9ec8}</UniqueIdentifier>
    </Filter>
    <Filter Include="Source Code\Shaders\PBR\Deferred Shading">
      <UniqueIdentifier>{5492dd41-1ba9-436e-bc56-febae994e82f}</UniqueIdentifier>
    </Filter>
    <Filter Include="Source Code\Shaders\Blinn-Phong">
      <UniqueIdentifier>{4a708044-10f7-4d6f-86c8-67897738c344}</UniqueIdentifier>
    </Filter>
    <Filter Include="Source Code\Shaders\SSAO">
      <UniqueIdentifier>{33364ffb-5b7e-4f00-b717-a6da4a42f814}</UniqueIdentifier>
    </Filter>
  </ItemGroup>
  <ItemGroup>
    <ClCompile Include="ThirdParty\imgui-docking\imgui.cpp">
      <Filter>External\ImGui</Filter>
    </ClCompile>
    <ClCompile Include="ThirdParty\imgui-docking\imgui_demo.cpp">
      <Filter>External\ImGui</Filter>
    </ClCompile>
    <ClCompile Include="ThirdParty\imgui-docking\imgui_draw.cpp">
      <Filter>External\ImGui</Filter>
    </ClCompile>
    <ClCompile Include="ThirdParty\imgui-docking\imgui_impl_glfw.cpp">
      <Filter>External\ImGui</Filter>
    </ClCompile>
    <ClCompile Include="ThirdParty\imgui-docking\imgui_impl_opengl3.cpp">
      <Filter>External\ImGui</Filter>
    </ClCompile>
    <ClCompile Include="ThirdParty\imgui-docking\imgui_tables.cpp">
      <Filter>External\ImGui</Filter>
    </ClCompile>
    <ClCompile Include="ThirdParty\imgui-docking\imgui_widgets.cpp">
      <Filter>External\ImGui</Filter>
    </ClCompile>
    <ClCompile Include="ThirdParty\glad\include\glad\glad.c">
      <Filter>External\Glad</Filter>
    </ClCompile>
    <ClCompile Include="ThirdParty\stb\stb.cpp">
      <Filter>External\Stb</Filter>
    </ClCompile>
    <ClCompile Include="Code\OpenGLErrorGuard.cpp">
      <Filter>Source Code\Debugging Tools</Filter>
    </ClCompile>
    <ClCompile Include="Code\BufferManagement.cpp">
      <Filter>Source Code\Utils</Filter>
    </ClCompile>
    <ClCompile Include="Code\ModelLoader.cpp">
      <Filter>Source Code\Utils</Filter>
    </ClCompile>
    <ClCompile Include="Code\EditorMainMenuBar.cpp">
      <Filter>Source Code\Editor</Filter>
    </ClCompile>
    <ClCompile Include="Code\EditorDockspace.cpp">
      <Filter>Source Code\Editor</Filter>
    </ClCompile>
    <ClCompile Include="Code\EditorInfoWindow.cpp">
      <Filter>Source Code\Editor</Filter>
    </ClCompile>
    <ClCompile Include="Code\EditorLightsWindow.cpp">
      <Filter>Source Code\Editor</Filter>
    </ClCompile>
    <ClCompile Include="Code\EditorShaderErrorsWindow.cpp">
      <Filter>Source Code\Editor</Filter>
    </ClCompile>
    <ClCompile Include="Code\EditorGBufferDebugWindow.cpp">
      <Filter>Source Code\Editor</Filter>
    </ClCompile>
    <ClCompile Include="Code\platform.cpp">
      <Filter>Source Code\Core</Filter>
    </ClCompile>
    <ClCompile Include="Code\ImageLoader.cpp">
      <Filter>Source Code\Utils</Filter>
    </ClCompile>
    <ClCompile Include="Code\ShaderLoader.cpp">
      <Filter>Source Code\Utils</Filter>
    </ClCompile>
    <ClCompile Include="Code\engine.cpp">
      <Filter>Source Code\Core</Filter>
    </ClCompile>
    <ClCompile Include="Code\Camera.cpp">
      <Filter>Source Code\Features</Filter>
    </ClCompile>
    <ClCompile Include="Code\OpenGL_Framebuffer.cpp">
      <Filter>Source Code\Graphics</Filter>
    </ClCompile>
    <ClCompile Include="Code\EditorCameraInfoWindow.cpp">
      <Filter>Source Code\Editor</Filter>
    </ClCompile>
    <ClCompile Include="Code\Cubemap.cpp">
      <Filter>Source Code\!PBR\Cubemap</Filter>
    </ClCompile>
    <ClCompile Include="WorkingDir\Shaders\SPECULAR_PREFILTER_CONVOLUTION.glsl">
      <Filter>Source Code\Shaders\PBR</Filter>
    </ClCompile>
  </ItemGroup>
  <ItemGroup>
    <ClInclude Include="ThirdParty\imgui-docking\imconfig.h">
      <Filter>External\ImGui</Filter>
    </ClInclude>
    <ClInclude Include="ThirdParty\imgui-docking\imgui.h">
      <Filter>External\ImGui</Filter>
    </ClInclude>
    <ClInclude Include="ThirdParty\imgui-docking\imgui_impl_glfw.h">
      <Filter>External\ImGui</Filter>
    </ClInclude>
    <ClInclude Include="ThirdParty\imgui-docking\imgui_impl_opengl3.h">
      <Filter>External\ImGui</Filter>
    </ClInclude>
    <ClInclude Include="ThirdParty\imgui-docking\imgui_internal.h">
      <Filter>External\ImGui</Filter>
    </ClInclude>
    <ClInclude Include="ThirdParty\imgui-docking\imstb_rectpack.h">
      <Filter>External\ImGui</Filter>
    </ClInclude>
    <ClInclude Include="ThirdParty\imgui-docking\imstb_textedit.h">
      <Filter>External\ImGui</Filter>
    </ClInclude>
    <ClInclude Include="ThirdParty\imgui-docking\imstb_truetype.h">
      <Filter>External\ImGui</Filter>
    </ClInclude>
    <ClInclude Include="ThirdParty\glad\include\glad\glad.h">
      <Filter>External\Glad</Filter>
    </ClInclude>
    <ClInclude Include="ThirdParty\glad\include\glad\khrplatform.h">
      <Filter>External\Glad</Filter>
    </ClInclude>
    <ClInclude Include="ThirdParty\stb\stb_image.h">
      <Filter>External\Stb</Filter>
    </ClInclude>
    <ClInclude Include="Code\OpenGLDebugCallback.h">
      <Filter>Source Code\Debugging Tools</Filter>
    </ClInclude>
    <ClInclude Include="Code\OpenGLErrorGuard.h">
      <Filter>Source Code\Debugging Tools</Filter>
    </ClInclude>
    <ClInclude Include="Code\BufferManagement.h">
      <Filter>Source Code\Utils</Filter>
    </ClInclude>
    <ClInclude Include="Code\ModelLoader.h">
      <Filter>Source Code\Utils</Filter>
    </ClInclude>
    <ClInclude Include="Code\Editor.h">
      <Filter>Source Code\Editor</Filter>
    </ClInclude>
    <ClInclude Include="Code\platform.h">
      <Filter>Source Code\Core</Filter>
    </ClInclude>
    <ClInclude Include="Code\ImageLoader.h">
      <Filter>Source Code\Utils</Filter>
    </ClInclude>
    <ClInclude Include="Code\ShaderLoader.h">
      <Filter>Source Code\Utils</Filter>
    </ClInclude>
    <ClInclude Include="Code\engine.h">
      <Filter>Source Code\Core</Filter>
    </ClInclude>
    <ClInclude Include="Code\Camera.h">
      <Filter>Source Code\Features</Filter>
    </ClInclude>
    <ClInclude Include="Code\OpenGL_Framebuffer.h">
      <Filter>Source Code\Graphics</Filter>
    </ClInclude>
    <ClInclude Include="Code\Cubemap.h">
      <Filter>Source Code\!PBR\Cubemap</Filter>
    </ClInclude>
  </ItemGroup>
  <ItemGroup>
    <None Include="WorkingDir\Shaders\shader_template.glsl">
      <Filter>Source Code\Shaders</Filter>
    </None>
    <None Include="WorkingDir\Shaders\POINT_LIGHT_SPHERE.glsl">
      <Filter>Source Code\Shaders</Filter>
    </None>
    <None Include="Code\ImGuiUtils.inl">
      <Filter>Source Code\Editor</Filter>
    </None>
    <None Include="Code\openGL_types.inl">
      <Filter>Source Code\Graphics</Filter>
    </None>
    <None Include="Code\PBR_types.inl">
      <Filter>Source Code\!PBR</Filter>
    </None>
    <None Include="WorkingDir\Shaders\GRID.glsl">
      <Filter>Source Code\Shaders</Filter>
    </None>
    <None Include="WorkingDir\Shaders\FORWARD_PBR_IBL_TEXTURED.glsl">
      <Filter>Source Code\Shaders\PBR</Filter>
    </None>
    <None Include="WorkingDir\Shaders\BRDF_INTEGRATION_CONVOLUTION.glsl">
      <Filter>Source Code\Shaders\PBR</Filter>
    </None>
    <None Include="WorkingDir\Shaders\DIFFUSE_IRRADIANCE_CONVOLUTION.glsl">
      <Filter>Source Code\Shaders\PBR</Filter>
    </None>
    <None Include="WorkingDir\Shaders\EQUIRECTANGULAR_TO_CUBEMAP.glsl">
      <Filter>Source Code\Shaders\PBR</Filter>
    </None>
    <None Include="WorkingDir\Shaders\SKYBOX.glsl">
      <Filter>Source Code\Shaders\PBR</Filter>
    </None>
    <None Include="WorkingDir\Shaders\FORWARD_PBR_DIRECT_TEXTURED.glsl">
      <Filter>Source Code\Shaders\PBR</Filter>
    </None>
    <None Include="WorkingDir\Shaders\DEFERRED_PBR_IBL_TEXTURED_GEOMETRY.glsl">
      <Filter>Source Code\Shaders\PBR\Deferred Shading</Filter>
    </None>
    <None Include="WorkingDir\Shaders\DEFERRED_PBR_IBL_TEXTURED_QUAD.glsl">
      <Filter>Source Code\Shaders\PBR\Deferred Shading</Filter>
    </None>
    <None Include="WorkingDir\Shaders\DEFERRED_RENDER_GEOMETRY.glsl">
      <Filter>Source Code\Shaders\Blinn-Phong</Filter>
    </None>
    <None Include="WorkingDir\Shaders\DEFERRED_RENDER_QUAD.glsl">
      <Filter>Source Code\Shaders\Blinn-Phong</Filter>
    </None>
    <None Include="WorkingDir\Shaders\FORWARD_RENDER.glsl">
      <Filter>Source Code\Shaders\Blinn-Phong</Filter>
    </None>
    <None Include="WorkingDir\Shaders\SSAO_BLUR.glsl">
      <Filter>Source Code\Shaders\SSAO</Filter>
    </None>
    <None Include="WorkingDir\Shaders\SSAO.glsl">
      <Filter>Source Code\Shaders\SSAO</Filter>
    </None>
    <None Include="WorkingDir\Shaders\DEFERRED_PBR_IBL_TEXTURED_QUAD_SSAO.glsl">
      <Filter>Source Code\Shaders\SSAO</Filter>
    </None>
  </ItemGroup>
</Project>